
Microsoft Visual Studio Solution File, Format Version 12.00
# Visual Studio 15
VisualStudioVersion = 15.0.28307.271
MinimumVisualStudioVersion = 10.0.40219.1
Project("{9A19103F-16F7-4668-BE54-9A1E7A4F7556}") = "MyCoreAdmin", "MyCoreAdmin\MyCoreAdmin.csproj", "{66F38576-79BD-43AD-962E-04A7AB8F39A5}"
EndProject
Project("{9A19103F-16F7-4668-BE54-9A1E7A4F7556}") = "ConsoleProjectTest", "ConsoleProjectTest\ConsoleProjectTest.csproj", "{219023DC-A900-4BDE-B033-E513079B143A}"
EndProject
Project("{9A19103F-16F7-4668-BE54-9A1E7A4F7556}") = "Common", "Common\Common.csproj", "{0D09D53C-07E1-48F6-834C-167CFAD65697}"
EndProject
Project("{FAE04EC0-301F-11D3-BF4B-00C04F79EFBC}") = "Model", "Model\Model.csproj", "{C548EFA7-F18C-473D-BA8C-6A5996283618}"
EndProject
Global
	GlobalSection(SolutionConfigurationPlatforms) = preSolution
		Debug|Any CPU = Debug|Any CPU
		Release|Any CPU = Release|Any CPU
	EndGlobalSection
	GlobalSection(ProjectConfigurationPlatforms) = postSolution
		{66F38576-79BD-43AD-962E-04A7AB8F39A5}.Debug|Any CPU.ActiveCfg = Debug|Any CPU
		{66F38576-79BD-43AD-962E-04A7AB8F39A5}.Debug|Any CPU.Build.0 = Debug|Any CPU
		{66F38576-79BD-43AD-962E-04A7AB8F39A5}.Release|Any CPU.ActiveCfg = Release|Any CPU
		{66F38576-79BD-43AD-962E-04A7AB8F39A5}.Release|Any CPU.Build.0 = Release|Any CPU
		{219023DC-A900-4BDE-B033-E513079B143A}.Debug|Any CPU.ActiveCfg = Debug|Any CPU
		{219023DC-A900-4BDE-B033-E513079B143A}.Debug|Any CPU.Build.0 = Debug|Any CPU
		{219023DC-A900-4BDE-B033-E513079B143A}.Release|Any CPU.ActiveCfg = Release|Any CPU
		{219023DC-A900-4BDE-B033-E513079B143A}.Release|Any CPU.Build.0 = Release|Any CPU
		{0D09D53C-07E1-48F6-834C-167CFAD65697}.Debug|Any CPU.ActiveCfg = Debug|Any CPU
		{0D09D53C-07E1-48F6-834C-167CFAD65697}.Debug|Any CPU.Build.0 = Debug|Any CPU
		{0D09D53C-07E1-48F6-834C-167CFAD65697}.Release|Any CPU.ActiveCfg = Release|Any CPU
		{0D09D53C-07E1-48F6-834C-167CFAD65697}.Release|Any CPU.Build.0 = Release|Any CPU
		{C548EFA7-F18C-473D-BA8C-6A5996283618}.Debug|Any CPU.ActiveCfg = Debug|Any CPU
		{C548EFA7-F18C-473D-BA8C-6A5996283618}.Debug|Any CPU.Build.0 = Debug|Any CPU
		{C548EFA7-F18C-473D-BA8C-6A5996283618}.Release|Any CPU.ActiveCfg = Release|Any CPU
		{C548EFA7-F18C-473D-BA8C-6A5996283618}.Release|Any CPU.Build.0 = Release|Any CPU
	EndGlobalSection
	GlobalSection(SolutionProperties) = preSolution
		HideSolutionNode = FALSE
	EndGlobalSection
	GlobalSection(ExtensibilityGlobals) = postSolution
		SolutionGuid = {80D78453-D38B-48F0-85CF-0727B3F0E5CB}
	EndGlobalSection
EndGlobal
